
Microsoft Visual Studio Solution File, Format Version 12.00
# Visual Studio Version 17
VisualStudioVersion = 17.2.32630.192
MinimumVisualStudioVersion = 10.0.40219.1
Project("{FAE04EC0-301F-11D3-BF4B-00C04F79EFBC}") = "TestTask2", "TestTask2\TestTask2.csproj", "{3673499F-BF61-434E-989F-BD8F1BB1839E}"
EndProject
Global
	GlobalSection(SolutionConfigurationPlatforms) = preSolution
		Debug|Any CPU = Debug|Any CPU
		Release|Any CPU = Release|Any CPU
	EndGlobalSection
	GlobalSection(ProjectConfigurationPlatforms) = postSolution
		{3673499F-BF61-434E-989F-BD8F1BB1839E}.Debug|Any CPU.ActiveCfg = Debug|Any CPU
		{3673499F-BF61-434E-989F-BD8F1BB1839E}.Debug|Any CPU.Build.0 = Debug|Any CPU
		{3673499F-BF61-434E-989F-BD8F1BB1839E}.Release|Any CPU.ActiveCfg = Release|Any CPU
		{3673499F-BF61-434E-989F-BD8F1BB1839E}.Release|Any CPU.Build.0 = Release|Any CPU
	EndGlobalSection
	GlobalSection(SolutionProperties) = preSolution
		HideSolutionNode = FALSE
	EndGlobalSection
	GlobalSection(ExtensibilityGlobals) = postSolution
		SolutionGuid = {1E979D75-14F1-413D-B193-636CD9B46DB5}
	EndGlobalSection
EndGlobal
